
Microsoft Visual Studio Solution File, Format Version 12.00
# Visual Studio Version 16
VisualStudioVersion = 16.0.30204.135
MinimumVisualStudioVersion = 10.0.40219.1
Project("{FAE04EC0-301F-11D3-BF4B-00C04F79EFBC}") = "Teams.PA.Graph.UserProfile", "Teams.PA.Graph.UserProfile\Teams.PA.Graph.UserProfile.csproj", "{F6AE4FBE-4D40-4930-A082-BEFA0D81799C}"
EndProject
Global
	GlobalSection(SolutionConfigurationPlatforms) = preSolution
		Debug|Any CPU = Debug|Any CPU
		Release|Any CPU = Release|Any CPU
	EndGlobalSection
	GlobalSection(ProjectConfigurationPlatforms) = postSolution
		{F6AE4FBE-4D40-4930-A082-BEFA0D81799C}.Debug|Any CPU.ActiveCfg = Debug|Any CPU
		{F6AE4FBE-4D40-4930-A082-BEFA0D81799C}.Debug|Any CPU.Build.0 = Debug|Any CPU
		{F6AE4FBE-4D40-4930-A082-BEFA0D81799C}.Release|Any CPU.ActiveCfg = Release|Any CPU
		{F6AE4FBE-4D40-4930-A082-BEFA0D81799C}.Release|Any CPU.Build.0 = Release|Any CPU
	EndGlobalSection
	GlobalSection(SolutionProperties) = preSolution
		HideSolutionNode = FALSE
	EndGlobalSection
	GlobalSection(ExtensibilityGlobals) = postSolution
		SolutionGuid = {DE10B463-1B6F-4F37-8E2E-483334933A1C}
	EndGlobalSection
EndGlobal
